
Microsoft Visual Studio Solution File, Format Version 12.00
# Visual Studio Version 17
VisualStudioVersion = 17.1.31911.260
MinimumVisualStudioVersion = 10.0.40219.1
Project("{FAE04EC0-301F-11D3-BF4B-00C04F79EFBC}") = "DiscordBlacklist", "DiscordBlacklist\DiscordBlacklist.csproj", "{351CC4B0-9691-45C8-BF14-8ED5CF128925}"
EndProject
Global
	GlobalSection(SolutionConfigurationPlatforms) = preSolution
		Debug|Any CPU = Debug|Any CPU
		Release|Any CPU = Release|Any CPU
	EndGlobalSection
	GlobalSection(ProjectConfigurationPlatforms) = postSolution
		{351CC4B0-9691-45C8-BF14-8ED5CF128925}.Debug|Any CPU.ActiveCfg = Debug|Any CPU
		{351CC4B0-9691-45C8-BF14-8ED5CF128925}.Debug|Any CPU.Build.0 = Debug|Any CPU
		{351CC4B0-9691-45C8-BF14-8ED5CF128925}.Release|Any CPU.ActiveCfg = Release|Any CPU
		{351CC4B0-9691-45C8-BF14-8ED5CF128925}.Release|Any CPU.Build.0 = Release|Any CPU
	EndGlobalSection
	GlobalSection(SolutionProperties) = preSolution
		HideSolutionNode = FALSE
	EndGlobalSection
	GlobalSection(ExtensibilityGlobals) = postSolution
		SolutionGuid = {98F7EBFC-84CE-482E-8949-AC3C93EC09CA}
	EndGlobalSection
EndGlobal
